// !$*UTF8*$!
{
	archiveVersion = 1;
	classes = {
	};
	objectVersion = 56;
	objects = {

/* Begin PBXBuildFile section */
		343E4AA32B10999F000E26AE /* ChatsList in Frameworks */ = {isa = PBXBuildFile; productRef = 343E4AA22B10999F000E26AE /* ChatsList */; };
		343E4AA52B10999F000E26AE /* CreateAccount in Frameworks */ = {isa = PBXBuildFile; productRef = 343E4AA42B10999F000E26AE /* CreateAccount */; };
		343E4AA72B10999F000E26AE /* DatabaseFiles in Frameworks */ = {isa = PBXBuildFile; productRef = 343E4AA62B10999F000E26AE /* DatabaseFiles */; };
		343E4AA92B10999F000E26AE /* DerivationTool in Frameworks */ = {isa = PBXBuildFile; productRef = 343E4AA82B10999F000E26AE /* DerivationTool */; };
		343E4AAB2B10999F000E26AE /* FileManager in Frameworks */ = {isa = PBXBuildFile; productRef = 343E4AAA2B10999F000E26AE /* FileManager */; };
		343E4AAD2B10999F000E26AE /* Messages in Frameworks */ = {isa = PBXBuildFile; productRef = 343E4AAC2B10999F000E26AE /* Messages */; };
		343E4AAF2B10999F000E26AE /* MnemonicClient in Frameworks */ = {isa = PBXBuildFile; productRef = 343E4AAE2B10999F000E26AE /* MnemonicClient */; };
		343E4AB12B10999F000E26AE /* Models in Frameworks */ = {isa = PBXBuildFile; productRef = 343E4AB02B10999F000E26AE /* Models */; };
		343E4AB32B10999F000E26AE /* NewChat in Frameworks */ = {isa = PBXBuildFile; productRef = 343E4AB22B10999F000E26AE /* NewChat */; };
		343E4AB52B10999F000E26AE /* RestoreAccount in Frameworks */ = {isa = PBXBuildFile; productRef = 343E4AB42B10999F000E26AE /* RestoreAccount */; };
		343E4AB72B10999F000E26AE /* Root in Frameworks */ = {isa = PBXBuildFile; productRef = 343E4AB62B10999F000E26AE /* Root */; };
		343E4AB92B10999F000E26AE /* SDKSynchronizer in Frameworks */ = {isa = PBXBuildFile; productRef = 343E4AB82B10999F000E26AE /* SDKSynchronizer */; };
		343E4ABB2B10999F000E26AE /* SecItem in Frameworks */ = {isa = PBXBuildFile; productRef = 343E4ABA2B10999F000E26AE /* SecItem */; };
		343E4ABD2B10999F000E26AE /* Utils in Frameworks */ = {isa = PBXBuildFile; productRef = 343E4ABC2B10999F000E26AE /* Utils */; };
		343E4ABF2B10999F000E26AE /* WalletStorage in Frameworks */ = {isa = PBXBuildFile; productRef = 343E4ABE2B10999F000E26AE /* WalletStorage */; };
		343E4AC12B10999F000E26AE /* ZcashSDKEnvironment in Frameworks */ = {isa = PBXBuildFile; productRef = 343E4AC02B10999F000E26AE /* ZcashSDKEnvironment */; };
		3457A7D22B07C91200216B3E /* BlockchainMessengerApp.swift in Sources */ = {isa = PBXBuildFile; fileRef = 3457A7D12B07C91200216B3E /* BlockchainMessengerApp.swift */; };
		3457A7D62B07C91300216B3E /* Assets.xcassets in Resources */ = {isa = PBXBuildFile; fileRef = 3457A7D52B07C91300216B3E /* Assets.xcassets */; };
		3457A7D92B07C91300216B3E /* Preview Assets.xcassets in Resources */ = {isa = PBXBuildFile; fileRef = 3457A7D82B07C91300216B3E /* Preview Assets.xcassets */; };
		3457A7E32B07C91300216B3E /* BlockchainMessengerTests.swift in Sources */ = {isa = PBXBuildFile; fileRef = 3457A7E22B07C91300216B3E /* BlockchainMessengerTests.swift */; };
		3457A7ED2B07C91300216B3E /* BlockchainMessengerUITests.swift in Sources */ = {isa = PBXBuildFile; fileRef = 3457A7EC2B07C91300216B3E /* BlockchainMessengerUITests.swift */; };
		3457A7EF2B07C91300216B3E /* BlockchainMessengerUITestsLaunchTests.swift in Sources */ = {isa = PBXBuildFile; fileRef = 3457A7EE2B07C91300216B3E /* BlockchainMessengerUITestsLaunchTests.swift */; };
		9E77CAB32B12733200806CAC /* Launch Screen.storyboard in Resources */ = {isa = PBXBuildFile; fileRef = 9E77CAB22B12733200806CAC /* Launch Screen.storyboard */; };
		9E9C27052B0B3F1C00A588A8 /* modules in Resources */ = {isa = PBXBuildFile; fileRef = 9E9C27042B0B3F1C00A588A8 /* modules */; };
/* End PBXBuildFile section */

/* Begin PBXContainerItemProxy section */
		3457A7DF2B07C91300216B3E /* PBXContainerItemProxy */ = {
			isa = PBXContainerItemProxy;
			containerPortal = 3457A7C62B07C91200216B3E /* Project object */;
			proxyType = 1;
			remoteGlobalIDString = 3457A7CD2B07C91200216B3E;
			remoteInfo = BlockchainMessenger;
		};
		3457A7E92B07C91300216B3E /* PBXContainerItemProxy */ = {
			isa = PBXContainerItemProxy;
			containerPortal = 3457A7C62B07C91200216B3E /* Project object */;
			proxyType = 1;
			remoteGlobalIDString = 3457A7CD2B07C91200216B3E;
			remoteInfo = BlockchainMessenger;
		};
/* End PBXContainerItemProxy section */

/* Begin PBXFileReference section */
		3457A7CE2B07C91200216B3E /* BlockchainMessenger.app */ = {isa = PBXFileReference; explicitFileType = wrapper.application; includeInIndex = 0; path = BlockchainMessenger.app; sourceTree = BUILT_PRODUCTS_DIR; };
		3457A7D12B07C91200216B3E /* BlockchainMessengerApp.swift */ = {isa = PBXFileReference; lastKnownFileType = sourcecode.swift; path = BlockchainMessengerApp.swift; sourceTree = "<group>"; };
		3457A7D52B07C91300216B3E /* Assets.xcassets */ = {isa = PBXFileReference; lastKnownFileType = folder.assetcatalog; path = Assets.xcassets; sourceTree = "<group>"; };
		3457A7D82B07C91300216B3E /* Preview Assets.xcassets */ = {isa = PBXFileReference; lastKnownFileType = folder.assetcatalog; path = "Preview Assets.xcassets"; sourceTree = "<group>"; };
		3457A7DE2B07C91300216B3E /* BlockchainMessengerTests.xctest */ = {isa = PBXFileReference; explicitFileType = wrapper.cfbundle; includeInIndex = 0; path = BlockchainMessengerTests.xctest; sourceTree = BUILT_PRODUCTS_DIR; };
		3457A7E22B07C91300216B3E /* BlockchainMessengerTests.swift */ = {isa = PBXFileReference; lastKnownFileType = sourcecode.swift; path = BlockchainMessengerTests.swift; sourceTree = "<group>"; };
		3457A7E82B07C91300216B3E /* BlockchainMessengerUITests.xctest */ = {isa = PBXFileReference; explicitFileType = wrapper.cfbundle; includeInIndex = 0; path = BlockchainMessengerUITests.xctest; sourceTree = BUILT_PRODUCTS_DIR; };
		3457A7EC2B07C91300216B3E /* BlockchainMessengerUITests.swift */ = {isa = PBXFileReference; lastKnownFileType = sourcecode.swift; path = BlockchainMessengerUITests.swift; sourceTree = "<group>"; };
		3457A7EE2B07C91300216B3E /* BlockchainMessengerUITestsLaunchTests.swift */ = {isa = PBXFileReference; lastKnownFileType = sourcecode.swift; path = BlockchainMessengerUITestsLaunchTests.swift; sourceTree = "<group>"; };
		9E77CAB22B12733200806CAC /* Launch Screen.storyboard */ = {isa = PBXFileReference; lastKnownFileType = file.storyboard; path = "Launch Screen.storyboard"; sourceTree = "<group>"; };
		9E9C27042B0B3F1C00A588A8 /* modules */ = {isa = PBXFileReference; fileEncoding = 4; lastKnownFileType = text; path = modules; sourceTree = SOURCE_ROOT; };
/* End PBXFileReference section */

/* Begin PBXFrameworksBuildPhase section */
		3457A7CB2B07C91200216B3E /* Frameworks */ = {
			isa = PBXFrameworksBuildPhase;
			buildActionMask = 2147483647;
			files = (
				343E4AAD2B10999F000E26AE /* Messages in Frameworks */,
				343E4AA52B10999F000E26AE /* CreateAccount in Frameworks */,
				343E4AB12B10999F000E26AE /* Models in Frameworks */,
				343E4AC12B10999F000E26AE /* ZcashSDKEnvironment in Frameworks */,
				343E4AAB2B10999F000E26AE /* FileManager in Frameworks */,
				343E4AA92B10999F000E26AE /* DerivationTool in Frameworks */,
				343E4AB52B10999F000E26AE /* RestoreAccount in Frameworks */,
				343E4AB72B10999F000E26AE /* Root in Frameworks */,
				343E4AA32B10999F000E26AE /* ChatsList in Frameworks */,
				343E4AB32B10999F000E26AE /* NewChat in Frameworks */,
				343E4ABB2B10999F000E26AE /* SecItem in Frameworks */,
				343E4AAF2B10999F000E26AE /* MnemonicClient in Frameworks */,
				343E4ABF2B10999F000E26AE /* WalletStorage in Frameworks */,
				343E4AA72B10999F000E26AE /* DatabaseFiles in Frameworks */,
				343E4ABD2B10999F000E26AE /* Utils in Frameworks */,
				343E4AB92B10999F000E26AE /* SDKSynchronizer in Frameworks */,
			);
			runOnlyForDeploymentPostprocessing = 0;
		};
		3457A7DB2B07C91300216B3E /* Frameworks */ = {
			isa = PBXFrameworksBuildPhase;
			buildActionMask = 2147483647;
			files = (
			);
			runOnlyForDeploymentPostprocessing = 0;
		};
		3457A7E52B07C91300216B3E /* Frameworks */ = {
			isa = PBXFrameworksBuildPhase;
			buildActionMask = 2147483647;
			files = (
			);
			runOnlyForDeploymentPostprocessing = 0;
		};
/* End PBXFrameworksBuildPhase section */

/* Begin PBXGroup section */
		3457A7C52B07C91200216B3E = {
			isa = PBXGroup;
			children = (
				3457A7D02B07C91200216B3E /* BlockchainMessenger */,
				3457A7E12B07C91300216B3E /* BlockchainMessengerTests */,
				3457A7EB2B07C91300216B3E /* BlockchainMessengerUITests */,
				3457A7CF2B07C91200216B3E /* Products */,
				9E476B212B0B44020050E543 /* Frameworks */,
			);
			sourceTree = "<group>";
		};
		3457A7CF2B07C91200216B3E /* Products */ = {
			isa = PBXGroup;
			children = (
				3457A7CE2B07C91200216B3E /* BlockchainMessenger.app */,
				3457A7DE2B07C91300216B3E /* BlockchainMessengerTests.xctest */,
				3457A7E82B07C91300216B3E /* BlockchainMessengerUITests.xctest */,
			);
			name = Products;
			sourceTree = "<group>";
		};
		3457A7D02B07C91200216B3E /* BlockchainMessenger */ = {
			isa = PBXGroup;
			children = (
				9E9C27042B0B3F1C00A588A8 /* modules */,
				3457A7D12B07C91200216B3E /* BlockchainMessengerApp.swift */,
				3457A7D52B07C91300216B3E /* Assets.xcassets */,
				3457A7D72B07C91300216B3E /* Preview Content */,
				9E77CAB22B12733200806CAC /* Launch Screen.storyboard */,
			);
			path = BlockchainMessenger;
			sourceTree = "<group>";
		};
		3457A7D72B07C91300216B3E /* Preview Content */ = {
			isa = PBXGroup;
			children = (
				3457A7D82B07C91300216B3E /* Preview Assets.xcassets */,
			);
			path = "Preview Content";
			sourceTree = "<group>";
		};
		3457A7E12B07C91300216B3E /* BlockchainMessengerTests */ = {
			isa = PBXGroup;
			children = (
				3457A7E22B07C91300216B3E /* BlockchainMessengerTests.swift */,
			);
			path = BlockchainMessengerTests;
			sourceTree = "<group>";
		};
		3457A7EB2B07C91300216B3E /* BlockchainMessengerUITests */ = {
			isa = PBXGroup;
			children = (
				3457A7EC2B07C91300216B3E /* BlockchainMessengerUITests.swift */,
				3457A7EE2B07C91300216B3E /* BlockchainMessengerUITestsLaunchTests.swift */,
			);
			path = BlockchainMessengerUITests;
			sourceTree = "<group>";
		};
		9E476B212B0B44020050E543 /* Frameworks */ = {
			isa = PBXGroup;
			children = (
			);
			name = Frameworks;
			sourceTree = "<group>";
		};
/* End PBXGroup section */

/* Begin PBXNativeTarget section */
		3457A7CD2B07C91200216B3E /* BlockchainMessenger */ = {
			isa = PBXNativeTarget;
			buildConfigurationList = 3457A7F22B07C91300216B3E /* Build configuration list for PBXNativeTarget "BlockchainMessenger" */;
			buildPhases = (
				3457A7CA2B07C91200216B3E /* Sources */,
				3457A7CB2B07C91200216B3E /* Frameworks */,
				3457A7CC2B07C91200216B3E /* Resources */,
			);
			buildRules = (
			);
			dependencies = (
			);
			name = BlockchainMessenger;
			packageProductDependencies = (
				343E4AA22B10999F000E26AE /* ChatsList */,
				343E4AA42B10999F000E26AE /* CreateAccount */,
				343E4AA62B10999F000E26AE /* DatabaseFiles */,
				343E4AA82B10999F000E26AE /* DerivationTool */,
				343E4AAA2B10999F000E26AE /* FileManager */,
				343E4AAC2B10999F000E26AE /* Messages */,
				343E4AAE2B10999F000E26AE /* MnemonicClient */,
				343E4AB02B10999F000E26AE /* Models */,
				343E4AB22B10999F000E26AE /* NewChat */,
				343E4AB42B10999F000E26AE /* RestoreAccount */,
				343E4AB62B10999F000E26AE /* Root */,
				343E4AB82B10999F000E26AE /* SDKSynchronizer */,
				343E4ABA2B10999F000E26AE /* SecItem */,
				343E4ABC2B10999F000E26AE /* Utils */,
				343E4ABE2B10999F000E26AE /* WalletStorage */,
				343E4AC02B10999F000E26AE /* ZcashSDKEnvironment */,
			);
			productName = BlockchainMessenger;
			productReference = 3457A7CE2B07C91200216B3E /* BlockchainMessenger.app */;
			productType = "com.apple.product-type.application";
		};
		3457A7DD2B07C91300216B3E /* BlockchainMessengerTests */ = {
			isa = PBXNativeTarget;
			buildConfigurationList = 3457A7F52B07C91300216B3E /* Build configuration list for PBXNativeTarget "BlockchainMessengerTests" */;
			buildPhases = (
				3457A7DA2B07C91300216B3E /* Sources */,
				3457A7DB2B07C91300216B3E /* Frameworks */,
				3457A7DC2B07C91300216B3E /* Resources */,
			);
			buildRules = (
			);
			dependencies = (
				3457A7E02B07C91300216B3E /* PBXTargetDependency */,
			);
			name = BlockchainMessengerTests;
			productName = BlockchainMessengerTests;
			productReference = 3457A7DE2B07C91300216B3E /* BlockchainMessengerTests.xctest */;
			productType = "com.apple.product-type.bundle.unit-test";
		};
		3457A7E72B07C91300216B3E /* BlockchainMessengerUITests */ = {
			isa = PBXNativeTarget;
			buildConfigurationList = 3457A7F82B07C91300216B3E /* Build configuration list for PBXNativeTarget "BlockchainMessengerUITests" */;
			buildPhases = (
				3457A7E42B07C91300216B3E /* Sources */,
				3457A7E52B07C91300216B3E /* Frameworks */,
				3457A7E62B07C91300216B3E /* Resources */,
			);
			buildRules = (
			);
			dependencies = (
				3457A7EA2B07C91300216B3E /* PBXTargetDependency */,
			);
			name = BlockchainMessengerUITests;
			productName = BlockchainMessengerUITests;
			productReference = 3457A7E82B07C91300216B3E /* BlockchainMessengerUITests.xctest */;
			productType = "com.apple.product-type.bundle.ui-testing";
		};
/* End PBXNativeTarget section */

/* Begin PBXProject section */
		3457A7C62B07C91200216B3E /* Project object */ = {
			isa = PBXProject;
			attributes = {
				BuildIndependentTargetsInParallel = 1;
				LastSwiftUpdateCheck = 1500;
				LastUpgradeCheck = 1500;
				TargetAttributes = {
					3457A7CD2B07C91200216B3E = {
						CreatedOnToolsVersion = 15.0.1;
					};
					3457A7DD2B07C91300216B3E = {
						CreatedOnToolsVersion = 15.0.1;
						TestTargetID = 3457A7CD2B07C91200216B3E;
					};
					3457A7E72B07C91300216B3E = {
						CreatedOnToolsVersion = 15.0.1;
						TestTargetID = 3457A7CD2B07C91200216B3E;
					};
				};
			};
			buildConfigurationList = 3457A7C92B07C91200216B3E /* Build configuration list for PBXProject "BlockchainMessenger" */;
			compatibilityVersion = "Xcode 14.0";
			developmentRegion = en;
			hasScannedForEncodings = 0;
			knownRegions = (
				en,
				Base,
			);
			mainGroup = 3457A7C52B07C91200216B3E;
			packageReferences = (
			);
			productRefGroup = 3457A7CF2B07C91200216B3E /* Products */;
			projectDirPath = "";
			projectRoot = "";
			targets = (
				3457A7CD2B07C91200216B3E /* BlockchainMessenger */,
				3457A7DD2B07C91300216B3E /* BlockchainMessengerTests */,
				3457A7E72B07C91300216B3E /* BlockchainMessengerUITests */,
			);
		};
/* End PBXProject section */

/* Begin PBXResourcesBuildPhase section */
		3457A7CC2B07C91200216B3E /* Resources */ = {
			isa = PBXResourcesBuildPhase;
			buildActionMask = 2147483647;
			files = (
				9E9C27052B0B3F1C00A588A8 /* modules in Resources */,
				3457A7D92B07C91300216B3E /* Preview Assets.xcassets in Resources */,
				9E77CAB32B12733200806CAC /* Launch Screen.storyboard in Resources */,
				3457A7D62B07C91300216B3E /* Assets.xcassets in Resources */,
			);
			runOnlyForDeploymentPostprocessing = 0;
		};
		3457A7DC2B07C91300216B3E /* Resources */ = {
			isa = PBXResourcesBuildPhase;
			buildActionMask = 2147483647;
			files = (
			);
			runOnlyForDeploymentPostprocessing = 0;
		};
		3457A7E62B07C91300216B3E /* Resources */ = {
			isa = PBXResourcesBuildPhase;
			buildActionMask = 2147483647;
			files = (
			);
			runOnlyForDeploymentPostprocessing = 0;
		};
/* End PBXResourcesBuildPhase section */

/* Begin PBXSourcesBuildPhase section */
		3457A7CA2B07C91200216B3E /* Sources */ = {
			isa = PBXSourcesBuildPhase;
			buildActionMask = 2147483647;
			files = (
				3457A7D22B07C91200216B3E /* BlockchainMessengerApp.swift in Sources */,
			);
			runOnlyForDeploymentPostprocessing = 0;
		};
		3457A7DA2B07C91300216B3E /* Sources */ = {
			isa = PBXSourcesBuildPhase;
			buildActionMask = 2147483647;
			files = (
				3457A7E32B07C91300216B3E /* BlockchainMessengerTests.swift in Sources */,
			);
			runOnlyForDeploymentPostprocessing = 0;
		};
		3457A7E42B07C91300216B3E /* Sources */ = {
			isa = PBXSourcesBuildPhase;
			buildActionMask = 2147483647;
			files = (
				3457A7EF2B07C91300216B3E /* BlockchainMessengerUITestsLaunchTests.swift in Sources */,
				3457A7ED2B07C91300216B3E /* BlockchainMessengerUITests.swift in Sources */,
			);
			runOnlyForDeploymentPostprocessing = 0;
		};
/* End PBXSourcesBuildPhase section */

/* Begin PBXTargetDependency section */
		3457A7E02B07C91300216B3E /* PBXTargetDependency */ = {
			isa = PBXTargetDependency;
			target = 3457A7CD2B07C91200216B3E /* BlockchainMessenger */;
			targetProxy = 3457A7DF2B07C91300216B3E /* PBXContainerItemProxy */;
		};
		3457A7EA2B07C91300216B3E /* PBXTargetDependency */ = {
			isa = PBXTargetDependency;
			target = 3457A7CD2B07C91200216B3E /* BlockchainMessenger */;
			targetProxy = 3457A7E92B07C91300216B3E /* PBXContainerItemProxy */;
		};
/* End PBXTargetDependency section */

/* Begin XCBuildConfiguration section */
		3457A7F02B07C91300216B3E /* Debug */ = {
			isa = XCBuildConfiguration;
			buildSettings = {
				ALWAYS_SEARCH_USER_PATHS = NO;
				ASSETCATALOG_COMPILER_GENERATE_SWIFT_ASSET_SYMBOL_EXTENSIONS = YES;
				CLANG_ANALYZER_NONNULL = YES;
				CLANG_ANALYZER_NUMBER_OBJECT_CONVERSION = YES_AGGRESSIVE;
				CLANG_CXX_LANGUAGE_STANDARD = "gnu++20";
				CLANG_ENABLE_MODULES = YES;
				CLANG_ENABLE_OBJC_ARC = YES;
				CLANG_ENABLE_OBJC_WEAK = YES;
				CLANG_WARN_BLOCK_CAPTURE_AUTORELEASING = YES;
				CLANG_WARN_BOOL_CONVERSION = YES;
				CLANG_WARN_COMMA = YES;
				CLANG_WARN_CONSTANT_CONVERSION = YES;
				CLANG_WARN_DEPRECATED_OBJC_IMPLEMENTATIONS = YES;
				CLANG_WARN_DIRECT_OBJC_ISA_USAGE = YES_ERROR;
				CLANG_WARN_DOCUMENTATION_COMMENTS = YES;
				CLANG_WARN_EMPTY_BODY = YES;
				CLANG_WARN_ENUM_CONVERSION = YES;
				CLANG_WARN_INFINITE_RECURSION = YES;
				CLANG_WARN_INT_CONVERSION = YES;
				CLANG_WARN_NON_LITERAL_NULL_CONVERSION = YES;
				CLANG_WARN_OBJC_IMPLICIT_RETAIN_SELF = YES;
				CLANG_WARN_OBJC_LITERAL_CONVERSION = YES;
				CLANG_WARN_OBJC_ROOT_CLASS = YES_ERROR;
				CLANG_WARN_QUOTED_INCLUDE_IN_FRAMEWORK_HEADER = YES;
				CLANG_WARN_RANGE_LOOP_ANALYSIS = YES;
				CLANG_WARN_STRICT_PROTOTYPES = YES;
				CLANG_WARN_SUSPICIOUS_MOVE = YES;
				CLANG_WARN_UNGUARDED_AVAILABILITY = YES_AGGRESSIVE;
				CLANG_WARN_UNREACHABLE_CODE = YES;
				CLANG_WARN__DUPLICATE_METHOD_MATCH = YES;
				COPY_PHASE_STRIP = NO;
				DEBUG_INFORMATION_FORMAT = dwarf;
				ENABLE_STRICT_OBJC_MSGSEND = YES;
				ENABLE_TESTABILITY = YES;
				ENABLE_USER_SCRIPT_SANDBOXING = YES;
				GCC_C_LANGUAGE_STANDARD = gnu17;
				GCC_DYNAMIC_NO_PIC = NO;
				GCC_NO_COMMON_BLOCKS = YES;
				GCC_OPTIMIZATION_LEVEL = 0;
				GCC_PREPROCESSOR_DEFINITIONS = (
					"DEBUG=1",
					"$(inherited)",
				);
				GCC_WARN_64_TO_32_BIT_CONVERSION = YES;
				GCC_WARN_ABOUT_RETURN_TYPE = YES_ERROR;
				GCC_WARN_UNDECLARED_SELECTOR = YES;
				GCC_WARN_UNINITIALIZED_AUTOS = YES_AGGRESSIVE;
				GCC_WARN_UNUSED_FUNCTION = YES;
				GCC_WARN_UNUSED_VARIABLE = YES;
				IPHONEOS_DEPLOYMENT_TARGET = 16.0;
				LOCALIZATION_PREFERS_STRING_CATALOGS = YES;
				MTL_ENABLE_DEBUG_INFO = INCLUDE_SOURCE;
				MTL_FAST_MATH = YES;
				ONLY_ACTIVE_ARCH = YES;
				SDKROOT = iphoneos;
				SWIFT_ACTIVE_COMPILATION_CONDITIONS = "DEBUG $(inherited)";
				SWIFT_OPTIMIZATION_LEVEL = "-Onone";
			};
			name = Debug;
		};
		3457A7F12B07C91300216B3E /* Release */ = {
			isa = XCBuildConfiguration;
			buildSettings = {
				ALWAYS_SEARCH_USER_PATHS = NO;
				ASSETCATALOG_COMPILER_GENERATE_SWIFT_ASSET_SYMBOL_EXTENSIONS = YES;
				CLANG_ANALYZER_NONNULL = YES;
				CLANG_ANALYZER_NUMBER_OBJECT_CONVERSION = YES_AGGRESSIVE;
				CLANG_CXX_LANGUAGE_STANDARD = "gnu++20";
				CLANG_ENABLE_MODULES = YES;
				CLANG_ENABLE_OBJC_ARC = YES;
				CLANG_ENABLE_OBJC_WEAK = YES;
				CLANG_WARN_BLOCK_CAPTURE_AUTORELEASING = YES;
				CLANG_WARN_BOOL_CONVERSION = YES;
				CLANG_WARN_COMMA = YES;
				CLANG_WARN_CONSTANT_CONVERSION = YES;
				CLANG_WARN_DEPRECATED_OBJC_IMPLEMENTATIONS = YES;
				CLANG_WARN_DIRECT_OBJC_ISA_USAGE = YES_ERROR;
				CLANG_WARN_DOCUMENTATION_COMMENTS = YES;
				CLANG_WARN_EMPTY_BODY = YES;
				CLANG_WARN_ENUM_CONVERSION = YES;
				CLANG_WARN_INFINITE_RECURSION = YES;
				CLANG_WARN_INT_CONVERSION = YES;
				CLANG_WARN_NON_LITERAL_NULL_CONVERSION = YES;
				CLANG_WARN_OBJC_IMPLICIT_RETAIN_SELF = YES;
				CLANG_WARN_OBJC_LITERAL_CONVERSION = YES;
				CLANG_WARN_OBJC_ROOT_CLASS = YES_ERROR;
				CLANG_WARN_QUOTED_INCLUDE_IN_FRAMEWORK_HEADER = YES;
				CLANG_WARN_RANGE_LOOP_ANALYSIS = YES;
				CLANG_WARN_STRICT_PROTOTYPES = YES;
				CLANG_WARN_SUSPICIOUS_MOVE = YES;
				CLANG_WARN_UNGUARDED_AVAILABILITY = YES_AGGRESSIVE;
				CLANG_WARN_UNREACHABLE_CODE = YES;
				CLANG_WARN__DUPLICATE_METHOD_MATCH = YES;
				COPY_PHASE_STRIP = NO;
				DEBUG_INFORMATION_FORMAT = "dwarf-with-dsym";
				ENABLE_NS_ASSERTIONS = NO;
				ENABLE_STRICT_OBJC_MSGSEND = YES;
				ENABLE_USER_SCRIPT_SANDBOXING = YES;
				GCC_C_LANGUAGE_STANDARD = gnu17;
				GCC_NO_COMMON_BLOCKS = YES;
				GCC_WARN_64_TO_32_BIT_CONVERSION = YES;
				GCC_WARN_ABOUT_RETURN_TYPE = YES_ERROR;
				GCC_WARN_UNDECLARED_SELECTOR = YES;
				GCC_WARN_UNINITIALIZED_AUTOS = YES_AGGRESSIVE;
				GCC_WARN_UNUSED_FUNCTION = YES;
				GCC_WARN_UNUSED_VARIABLE = YES;
				IPHONEOS_DEPLOYMENT_TARGET = 16.0;
				LOCALIZATION_PREFERS_STRING_CATALOGS = YES;
				MTL_ENABLE_DEBUG_INFO = NO;
				MTL_FAST_MATH = YES;
				SDKROOT = iphoneos;
				SWIFT_COMPILATION_MODE = wholemodule;
				VALIDATE_PRODUCT = YES;
			};
			name = Release;
		};
		3457A7F32B07C91300216B3E /* Debug */ = {
			isa = XCBuildConfiguration;
			buildSettings = {
				ASSETCATALOG_COMPILER_APPICON_NAME = AppIcon;
				ASSETCATALOG_COMPILER_GLOBAL_ACCENT_COLOR_NAME = AccentColor;
				CODE_SIGN_STYLE = Automatic;
				CURRENT_PROJECT_VERSION = 1;
				DEVELOPMENT_ASSET_PATHS = "\"BlockchainMessenger/Preview Content\"";
				DEVELOPMENT_TEAM = W5KABFU8SV;
				ENABLE_PREVIEWS = YES;
				GENERATE_INFOPLIST_FILE = YES;
				INFOPLIST_KEY_UIApplicationSceneManifest_Generation = YES;
				INFOPLIST_KEY_UIApplicationSupportsIndirectInputEvents = YES;
				INFOPLIST_KEY_UILaunchScreen_Generation = YES;
				INFOPLIST_KEY_UILaunchStoryboardName = "Launch Screen.storyboard";
				INFOPLIST_KEY_UISupportedInterfaceOrientations = UIInterfaceOrientationPortrait;
				INFOPLIST_KEY_UISupportedInterfaceOrientations_iPad = "UIInterfaceOrientationLandscapeLeft UIInterfaceOrientationLandscapeRight UIInterfaceOrientationPortrait";
				IPHONEOS_DEPLOYMENT_TARGET = 16.0;
				LD_RUNPATH_SEARCH_PATHS = (
					"$(inherited)",
					"@executable_path/Frameworks",
				);
				MARKETING_VERSION = 1.0;
				PRODUCT_BUNDLE_IDENTIFIER = com.mugeaters.BlockchainMessenger;
				PRODUCT_NAME = "$(TARGET_NAME)";
				SWIFT_ACTIVE_COMPILATION_CONDITIONS = "DEBUG $(inherited) _TESTNET";
				SWIFT_EMIT_LOC_STRINGS = YES;
				SWIFT_VERSION = 5.0;
				TARGETED_DEVICE_FAMILY = "1,2";
			};
			name = Debug;
		};
		3457A7F42B07C91300216B3E /* Release */ = {
			isa = XCBuildConfiguration;
			buildSettings = {
				ASSETCATALOG_COMPILER_APPICON_NAME = AppIcon;
				ASSETCATALOG_COMPILER_GLOBAL_ACCENT_COLOR_NAME = AccentColor;
				CODE_SIGN_STYLE = Automatic;
				CURRENT_PROJECT_VERSION = 1;
				DEVELOPMENT_ASSET_PATHS = "\"BlockchainMessenger/Preview Content\"";
				DEVELOPMENT_TEAM = W5KABFU8SV;
				ENABLE_PREVIEWS = YES;
				GENERATE_INFOPLIST_FILE = YES;
				INFOPLIST_KEY_UIApplicationSceneManifest_Generation = YES;
				INFOPLIST_KEY_UIApplicationSupportsIndirectInputEvents = YES;
				INFOPLIST_KEY_UILaunchScreen_Generation = YES;
				INFOPLIST_KEY_UILaunchStoryboardName = "Launch Screen.storyboard";
				INFOPLIST_KEY_UISupportedInterfaceOrientations = UIInterfaceOrientationPortrait;
				INFOPLIST_KEY_UISupportedInterfaceOrientations_iPad = "UIInterfaceOrientationLandscapeLeft UIInterfaceOrientationLandscapeRight UIInterfaceOrientationPortrait";
				IPHONEOS_DEPLOYMENT_TARGET = 16.0;
				LD_RUNPATH_SEARCH_PATHS = (
					"$(inherited)",
					"@executable_path/Frameworks",
				);
				MARKETING_VERSION = 1.0;
				PRODUCT_BUNDLE_IDENTIFIER = com.mugeaters.BlockchainMessenger;
				PRODUCT_NAME = "$(TARGET_NAME)";
				SWIFT_EMIT_LOC_STRINGS = YES;
				SWIFT_VERSION = 5.0;
				TARGETED_DEVICE_FAMILY = "1,2";
			};
			name = Release;
		};
		3457A7F62B07C91300216B3E /* Debug */ = {
			isa = XCBuildConfiguration;
			buildSettings = {
				ALWAYS_EMBED_SWIFT_STANDARD_LIBRARIES = YES;
				BUNDLE_LOADER = "$(TEST_HOST)";
				CODE_SIGN_STYLE = Automatic;
				CURRENT_PROJECT_VERSION = 1;
				DEVELOPMENT_TEAM = PANT4FKZGM;
				GENERATE_INFOPLIST_FILE = YES;
				IPHONEOS_DEPLOYMENT_TARGET = 17.0;
				MARKETING_VERSION = 1.0;
				PRODUCT_BUNDLE_IDENTIFIER = com.mugeaters.BlockchainMessengerTests;
				PRODUCT_NAME = "$(TARGET_NAME)";
				SWIFT_EMIT_LOC_STRINGS = NO;
				SWIFT_VERSION = 5.0;
				TARGETED_DEVICE_FAMILY = "1,2";
				TEST_HOST = "$(BUILT_PRODUCTS_DIR)/BlockchainMessenger.app/$(BUNDLE_EXECUTABLE_FOLDER_PATH)/BlockchainMessenger";
			};
			name = Debug;
		};
		3457A7F72B07C91300216B3E /* Release */ = {
			isa = XCBuildConfiguration;
			buildSettings = {
				ALWAYS_EMBED_SWIFT_STANDARD_LIBRARIES = YES;
				BUNDLE_LOADER = "$(TEST_HOST)";
				CODE_SIGN_STYLE = Automatic;
				CURRENT_PROJECT_VERSION = 1;
				DEVELOPMENT_TEAM = PANT4FKZGM;
				GENERATE_INFOPLIST_FILE = YES;
				IPHONEOS_DEPLOYMENT_TARGET = 17.0;
				MARKETING_VERSION = 1.0;
				PRODUCT_BUNDLE_IDENTIFIER = com.mugeaters.BlockchainMessengerTests;
				PRODUCT_NAME = "$(TARGET_NAME)";
				SWIFT_EMIT_LOC_STRINGS = NO;
				SWIFT_VERSION = 5.0;
				TARGETED_DEVICE_FAMILY = "1,2";
				TEST_HOST = "$(BUILT_PRODUCTS_DIR)/BlockchainMessenger.app/$(BUNDLE_EXECUTABLE_FOLDER_PATH)/BlockchainMessenger";
			};
			name = Release;
		};
		3457A7F92B07C91300216B3E /* Debug */ = {
			isa = XCBuildConfiguration;
			buildSettings = {
				ALWAYS_EMBED_SWIFT_STANDARD_LIBRARIES = YES;
				CODE_SIGN_STYLE = Automatic;
				CURRENT_PROJECT_VERSION = 1;
				DEVELOPMENT_TEAM = PANT4FKZGM;
				GENERATE_INFOPLIST_FILE = YES;
				MARKETING_VERSION = 1.0;
				PRODUCT_BUNDLE_IDENTIFIER = com.mugeaters.BlockchainMessengerUITests;
				PRODUCT_NAME = "$(TARGET_NAME)";
				SWIFT_EMIT_LOC_STRINGS = NO;
				SWIFT_VERSION = 5.0;
				TARGETED_DEVICE_FAMILY = "1,2";
				TEST_TARGET_NAME = BlockchainMessenger;
			};
			name = Debug;
		};
		3457A7FA2B07C91300216B3E /* Release */ = {
			isa = XCBuildConfiguration;
			buildSettings = {
				ALWAYS_EMBED_SWIFT_STANDARD_LIBRARIES = YES;
				CODE_SIGN_STYLE = Automatic;
				CURRENT_PROJECT_VERSION = 1;
				DEVELOPMENT_TEAM = PANT4FKZGM;
				GENERATE_INFOPLIST_FILE = YES;
				MARKETING_VERSION = 1.0;
				PRODUCT_BUNDLE_IDENTIFIER = com.mugeaters.BlockchainMessengerUITests;
				PRODUCT_NAME = "$(TARGET_NAME)";
				SWIFT_EMIT_LOC_STRINGS = NO;
				SWIFT_VERSION = 5.0;
				TARGETED_DEVICE_FAMILY = "1,2";
				TEST_TARGET_NAME = BlockchainMessenger;
			};
			name = Release;
		};
/* End XCBuildConfiguration section */

/* Begin XCConfigurationList section */
		3457A7C92B07C91200216B3E /* Build configuration list for PBXProject "BlockchainMessenger" */ = {
			isa = XCConfigurationList;
			buildConfigurations = (
				3457A7F02B07C91300216B3E /* Debug */,
				3457A7F12B07C91300216B3E /* Release */,
			);
			defaultConfigurationIsVisible = 0;
			defaultConfigurationName = Release;
		};
		3457A7F22B07C91300216B3E /* Build configuration list for PBXNativeTarget "BlockchainMessenger" */ = {
			isa = XCConfigurationList;
			buildConfigurations = (
				3457A7F32B07C91300216B3E /* Debug */,
				3457A7F42B07C91300216B3E /* Release */,
			);
			defaultConfigurationIsVisible = 0;
			defaultConfigurationName = Release;
		};
		3457A7F52B07C91300216B3E /* Build configuration list for PBXNativeTarget "BlockchainMessengerTests" */ = {
			isa = XCConfigurationList;
			buildConfigurations = (
				3457A7F62B07C91300216B3E /* Debug */,
				3457A7F72B07C91300216B3E /* Release */,
			);
			defaultConfigurationIsVisible = 0;
			defaultConfigurationName = Release;
		};
		3457A7F82B07C91300216B3E /* Build configuration list for PBXNativeTarget "BlockchainMessengerUITests" */ = {
			isa = XCConfigurationList;
			buildConfigurations = (
				3457A7F92B07C91300216B3E /* Debug */,
				3457A7FA2B07C91300216B3E /* Release */,
			);
			defaultConfigurationIsVisible = 0;
			defaultConfigurationName = Release;
		};
/* End XCConfigurationList section */

/* Begin XCSwiftPackageProductDependency section */
		343E4AA22B10999F000E26AE /* ChatsList */ = {
			isa = XCSwiftPackageProductDependency;
			productName = ChatsList;
		};
		343E4AA42B10999F000E26AE /* CreateAccount */ = {
			isa = XCSwiftPackageProductDependency;
			productName = CreateAccount;
		};
		343E4AA62B10999F000E26AE /* DatabaseFiles */ = {
			isa = XCSwiftPackageProductDependency;
			productName = DatabaseFiles;
		};
		343E4AA82B10999F000E26AE /* DerivationTool */ = {
			isa = XCSwiftPackageProductDependency;
			productName = DerivationTool;
		};
		343E4AAA2B10999F000E26AE /* FileManager */ = {
			isa = XCSwiftPackageProductDependency;
			productName = FileManager;
		};
		343E4AAC2B10999F000E26AE /* Messages */ = {
			isa = XCSwiftPackageProductDependency;
			productName = Messages;
		};
		343E4AAE2B10999F000E26AE /* MnemonicClient */ = {
			isa = XCSwiftPackageProductDependency;
			productName = MnemonicClient;
		};
		343E4AB02B10999F000E26AE /* Models */ = {
			isa = XCSwiftPackageProductDependency;
			productName = Models;
		};
		343E4AB22B10999F000E26AE /* NewChat */ = {
			isa = XCSwiftPackageProductDependency;
			productName = NewChat;
		};
		343E4AB42B10999F000E26AE /* RestoreAccount */ = {
			isa = XCSwiftPackageProductDependency;
			productName = RestoreAccount;
		};
		343E4AB62B10999F000E26AE /* Root */ = {
			isa = XCSwiftPackageProductDependency;
			productName = Root;
		};
		343E4AB82B10999F000E26AE /* SDKSynchronizer */ = {
			isa = XCSwiftPackageProductDependency;
			productName = SDKSynchronizer;
		};
		343E4ABA2B10999F000E26AE /* SecItem */ = {
			isa = XCSwiftPackageProductDependency;
			productName = SecItem;
		};
		343E4ABC2B10999F000E26AE /* Utils */ = {
			isa = XCSwiftPackageProductDependency;
			productName = Utils;
		};
		343E4ABE2B10999F000E26AE /* WalletStorage */ = {
			isa = XCSwiftPackageProductDependency;
			productName = WalletStorage;
		};
		343E4AC02B10999F000E26AE /* ZcashSDKEnvironment */ = {
			isa = XCSwiftPackageProductDependency;
			productName = ZcashSDKEnvironment;
		};
/* End XCSwiftPackageProductDependency section */
	};
	rootObject = 3457A7C62B07C91200216B3E /* Project object */;
}
